// !$*UTF8*$!
{
	archiveVersion = 1;
	classes = {
	};
	objectVersion = 46;
	objects = {

/* Begin PBXBuildFile section */
		026FF0FC1ED734B7006ED2EF /* AppDelegate.swift in Sources */ = {isa = PBXBuildFile; fileRef = 026FF0FB1ED734B7006ED2EF /* AppDelegate.swift */; };
		026FF0FE1ED734B7006ED2EF /* ViewController.swift in Sources */ = {isa = PBXBuildFile; fileRef = 026FF0FD1ED734B7006ED2EF /* ViewController.swift */; };
		026FF1011ED734B7006ED2EF /* Main.storyboard in Resources */ = {isa = PBXBuildFile; fileRef = 026FF0FF1ED734B7006ED2EF /* Main.storyboard */; };
		026FF1031ED734B7006ED2EF /* Assets.xcassets in Resources */ = {isa = PBXBuildFile; fileRef = 026FF1021ED734B7006ED2EF /* Assets.xcassets */; };
		026FF1061ED734B7006ED2EF /* LaunchScreen.storyboard in Resources */ = {isa = PBXBuildFile; fileRef = 026FF1041ED734B7006ED2EF /* LaunchScreen.storyboard */; };
/* End PBXBuildFile section */

/* Begin PBXFileReference section */
		026FF0F81ED734B7006ED2EF /* HowlPushNotification.app */ = {isa = PBXFileReference; explicitFileType = wrapper.application; includeInIndex = 0; path = HowlPushNotification.app; sourceTree = BUILT_PRODUCTS_DIR; };
		026FF0FB1ED734B7006ED2EF /* AppDelegate.swift */ = {isa = PBXFileReference; lastKnownFileType = sourcecode.swift; path = AppDelegate.swift; sourceTree = "<group>"; };
		026FF0FD1ED734B7006ED2EF /* ViewController.swift */ = {isa = PBXFileReference; lastKnownFileType = sourcecode.swift; path = ViewController.swift; sourceTree = "<group>"; };
		026FF1001ED734B7006ED2EF /* Base */ = {isa = PBXFileReference; lastKnownFileType = file.storyboard; name = Base; path = Base.lproj/Main.storyboard; sourceTree = "<group>"; };
		026FF1021ED734B7006ED2EF /* Assets.xcassets */ = {isa = PBXFileReference; lastKnownFileType = folder.assetcatalog; path = Assets.xcassets; sourceTree = "<group>"; };
		026FF1051ED734B7006ED2EF /* Base */ = {isa = PBXFileReference; lastKnownFileType = file.storyboard; name = Base; path = Base.lproj/LaunchScreen.storyboard; sourceTree = "<group>"; };
		026FF1071ED734B7006ED2EF /* Info.plist */ = {isa = PBXFileReference; lastKnownFileType = text.plist.xml; path = Info.plist; sourceTree = "<group>"; };
/* End PBXFileReference section */

/* Begin PBXFrameworksBuildPhase section */
		026FF0F51ED734B7006ED2EF /* Frameworks */ = {
			isa = PBXFrameworksBuildPhase;
			buildActionMask = 2147483647;
			files = (
			);
			runOnlyForDeploymentPostprocessing = 0;
		};
/* End PBXFrameworksBuildPhase section */

/* Begin PBXGroup section */
		026FF0EF1ED734B7006ED2EF = {
			isa = PBXGroup;
			children = (
				026FF0FA1ED734B7006ED2EF /* HowlPushNotification */,
				026FF0F91ED734B7006ED2EF /* Products */,
			);
			sourceTree = "<group>";
		};
		026FF0F91ED734B7006ED2EF /* Products */ = {
			isa = PBXGroup;
			children = (
				026FF0F81ED734B7006ED2EF /* HowlPushNotification.app */,
			);
			name = Products;
			sourceTree = "<group>";
		};
		026FF0FA1ED734B7006ED2EF /* HowlPushNotification */ = {
			isa = PBXGroup;
			children = (
				026FF0FB1ED734B7006ED2EF /* AppDelegate.swift */,
				026FF0FD1ED734B7006ED2EF /* ViewController.swift */,
				026FF0FF1ED734B7006ED2EF /* Main.storyboard */,
				026FF1021ED734B7006ED2EF /* Assets.xcassets */,
				026FF1041ED734B7006ED2EF /* LaunchScreen.storyboard */,
				026FF1071ED734B7006ED2EF /* Info.plist */,
			);
			path = HowlPushNotification;
			sourceTree = "<group>";
		};
/* End PBXGroup section */

/* Begin PBXNativeTarget section */
		026FF0F71ED734B7006ED2EF /* HowlPushNotification */ = {
			isa = PBXNativeTarget;
			buildConfigurationList = 026FF10A1ED734B7006ED2EF /* Build configuration list for PBXNativeTarget "HowlPushNotification" */;
			buildPhases = (
				026FF0F41ED734B7006ED2EF /* Sources */,
				026FF0F51ED734B7006ED2EF /* Frameworks */,
				026FF0F61ED734B7006ED2EF /* Resources */,
			);
			buildRules = (
			);
			dependencies = (
			);
			name = HowlPushNotification;
			productName = HowlPushNotification;
			productReference = 026FF0F81ED734B7006ED2EF /* HowlPushNotification.app */;
			productType = "com.apple.product-type.application";
		};
/* End PBXNativeTarget section */

/* Begin PBXProject section */
		026FF0F01ED734B7006ED2EF /* Project object */ = {
			isa = PBXProject;
			attributes = {
				LastSwiftUpdateCheck = 0830;
				LastUpgradeCheck = 0830;
				ORGANIZATIONNAME = swift;
				TargetAttributes = {
					026FF0F71ED734B7006ED2EF = {
						CreatedOnToolsVersion = 8.3.2;
						ProvisioningStyle = Automatic;
					};
				};
			};
			buildConfigurationList = 026FF0F31ED734B7006ED2EF /* Build configuration list for PBXProject "HowlPushNotification" */;
			compatibilityVersion = "Xcode 3.2";
			developmentRegion = English;
			hasScannedForEncodings = 0;
			knownRegions = (
				en,
				Base,
			);
			mainGroup = 026FF0EF1ED734B7006ED2EF;
			productRefGroup = 026FF0F91ED734B7006ED2EF /* Products */;
			projectDirPath = "";
			projectRoot = "";
			targets = (
				026FF0F71ED734B7006ED2EF /* HowlPushNotification */,
			);
		};
/* End PBXProject section */

/* Begin PBXResourcesBuildPhase section */
		026FF0F61ED734B7006ED2EF /* Resources */ = {
			isa = PBXResourcesBuildPhase;
			buildActionMask = 2147483647;
			files = (
				026FF1061ED734B7006ED2EF /* LaunchScreen.storyboard in Resources */,
				026FF1031ED734B7006ED2EF /* Assets.xcassets in Resources */,
				026FF1011ED734B7006ED2EF /* Main.storyboard in Resources */,
			);
			runOnlyForDeploymentPostprocessing = 0;
		};
/* End PBXResourcesBuildPhase section */

/* Begin PBXSourcesBuildPhase section */
		026FF0F41ED734B7006ED2EF /* Sources */ = {
			isa = PBXSourcesBuildPhase;
			buildActionMask = 2147483647;
			files = (
				026FF0FE1ED734B7006ED2EF /* ViewController.swift in Sources */,
				026FF0FC1ED734B7006ED2EF /* AppDelegate.swift in Sources */,
			);
			runOnlyForDeploymentPostprocessing = 0;
		};
/* End PBXSourcesBuildPhase section */

/* Begin PBXVariantGroup section */
		026FF0FF1ED734B7006ED2EF /* Main.storyboard */ = {
			isa = PBXVariantGroup;
			children = (
				026FF1001ED734B7006ED2EF /* Base */,
			);
			name = Main.storyboard;
			sourceTree = "<group>";
		};
		026FF1041ED734B7006ED2EF /* LaunchScreen.storyboard */ = {
			isa = PBXVariantGroup;
			children = (
				026FF1051ED734B7006ED2EF /* Base */,
			);
			name = LaunchScreen.storyboard;
			sourceTree = "<group>";
		};
/* End PBXVariantGroup section */

/* Begin XCBuildConfiguration section */
		026FF1081ED734B7006ED2EF /* Debug */ = {
			isa = XCBuildConfiguration;
			buildSettings = {
				ALWAYS_SEARCH_USER_PATHS = NO;
				CLANG_ANALYZER_NONNULL = YES;
				CLANG_ANALYZER_NUMBER_OBJECT_CONVERSION = YES_AGGRESSIVE;
				CLANG_CXX_LANGUAGE_STANDARD = "gnu++0x";
				CLANG_CXX_LIBRARY = "libc++";
				CLANG_ENABLE_MODULES = YES;
				CLANG_ENABLE_OBJC_ARC = YES;
				CLANG_WARN_BOOL_CONVERSION = YES;
				CLANG_WARN_CONSTANT_CONVERSION = YES;
				CLANG_WARN_DIRECT_OBJC_ISA_USAGE = YES_ERROR;
				CLANG_WARN_DOCUMENTATION_COMMENTS = YES;
				CLANG_WARN_EMPTY_BODY = YES;
				CLANG_WARN_ENUM_CONVERSION = YES;
				CLANG_WARN_INFINITE_RECURSION = YES;
				CLANG_WARN_INT_CONVERSION = YES;
				CLANG_WARN_OBJC_ROOT_CLASS = YES_ERROR;
				CLANG_WARN_SUSPICIOUS_MOVE = YES;
				CLANG_WARN_UNREACHABLE_CODE = YES;
				CLANG_WARN__DUPLICATE_METHOD_MATCH = YES;
				"CODE_SIGN_IDENTITY[sdk=iphoneos*]" = "iPhone Developer";
				COPY_PHASE_STRIP = NO;
				DEBUG_INFORMATION_FORMAT = dwarf;
				ENABLE_STRICT_OBJC_MSGSEND = YES;
				ENABLE_TESTABILITY = YES;
				GCC_C_LANGUAGE_STANDARD = gnu99;
				GCC_DYNAMIC_NO_PIC = NO;
				GCC_NO_COMMON_BLOCKS = YES;
				GCC_OPTIMIZATION_LEVEL = 0;
				GCC_PREPROCESSOR_DEFINITIONS = (
					"DEBUG=1",
					"$(inherited)",
				);
				GCC_WARN_64_TO_32_BIT_CONVERSION = YES;
				GCC_WARN_ABOUT_RETURN_TYPE = YES_ERROR;
				GCC_WARN_UNDECLARED_SELECTOR = YES;
				GCC_WARN_UNINITIALIZED_AUTOS = YES_AGGRESSIVE;
				GCC_WARN_UNUSED_FUNCTION = YES;
				GCC_WARN_UNUSED_VARIABLE = YES;
				IPHONEOS_DEPLOYMENT_TARGET = 10.3;
				MTL_ENABLE_DEBUG_INFO = YES;
				ONLY_ACTIVE_ARCH = YES;
				SDKROOT = iphoneos;
				SWIFT_ACTIVE_COMPILATION_CONDITIONS = DEBUG;
				SWIFT_OPTIMIZATION_LEVEL = "-Onone";
			};
			name = Debug;
		};
		026FF1091ED734B7006ED2EF /* Release */ = {
			isa = XCBuildConfiguration;
			buildSettings = {
				ALWAYS_SEARCH_USER_PATHS = NO;
				CLANG_ANALYZER_NONNULL = YES;
				CLANG_ANALYZER_NUMBER_OBJECT_CONVERSION = YES_AGGRESSIVE;
				CLANG_CXX_LANGUAGE_STANDARD = "gnu++0x";
				CLANG_CXX_LIBRARY = "libc++";
				CLANG_ENABLE_MODULES = YES;
				CLANG_ENABLE_OBJC_ARC = YES;
				CLANG_WARN_BOOL_CONVERSION = YES;
				CLANG_WARN_CONSTANT_CONVERSION = YES;
				CLANG_WARN_DIRECT_OBJC_ISA_USAGE = YES_ERROR;
				CLANG_WARN_DOCUMENTATION_COMMENTS = YES;
				CLANG_WARN_EMPTY_BODY = YES;
				CLANG_WARN_ENUM_CONVERSION = YES;
				CLANG_WARN_INFINITE_RECURSION = YES;
				CLANG_WARN_INT_CONVERSION = YES;
				CLANG_WARN_OBJC_ROOT_CLASS = YES_ERROR;
				CLANG_WARN_SUSPICIOUS_MOVE = YES;
				CLANG_WARN_UNREACHABLE_CODE = YES;
				CLANG_WARN__DUPLICATE_METHOD_MATCH = YES;
				"CODE_SIGN_IDENTITY[sdk=iphoneos*]" = "iPhone Developer";
				COPY_PHASE_STRIP = NO;
				DEBUG_INFORMATION_FORMAT = "dwarf-with-dsym";
				ENABLE_NS_ASSERTIONS = NO;
				ENABLE_STRICT_OBJC_MSGSEND = YES;
				GCC_C_LANGUAGE_STANDARD = gnu99;
				GCC_NO_COMMON_BLOCKS = YES;
				GCC_WARN_64_TO_32_BIT_CONVERSION = YES;
				GCC_WARN_ABOUT_RETURN_TYPE = YES_ERROR;
				GCC_WARN_UNDECLARED_SELECTOR = YES;
				GCC_WARN_UNINITIALIZED_AUTOS = YES_AGGRESSIVE;
				GCC_WARN_UNUSED_FUNCTION = YES;
				GCC_WARN_UNUSED_VARIABLE = YES;
				IPHONEOS_DEPLOYMENT_TARGET = 10.3;
				MTL_ENABLE_DEBUG_INFO = NO;
				SDKROOT = iphoneos;
				SWIFT_OPTIMIZATION_LEVEL = "-Owholemodule";
				VALIDATE_PRODUCT = YES;
			};
			name = Release;
		};
		026FF10B1ED734B7006ED2EF /* Debug */ = {
			isa = XCBuildConfiguration;
			buildSettings = {
				ASSETCATALOG_COMPILER_APPICON_NAME = AppIcon;
				INFOPLIST_FILE = HowlPushNotification/Info.plist;
				LD_RUNPATH_SEARCH_PATHS = "$(inherited) @executable_path/Frameworks";
				PRODUCT_BUNDLE_IDENTIFIER = com.swift.HowlPushNotification;
				PRODUCT_NAME = "$(TARGET_NAME)";
				SWIFT_VERSION = 3.0;
			};
			name = Debug;
		};
		026FF10C1ED734B7006ED2EF /* Release */ = {
			isa = XCBuildConfiguration;
			buildSettings = {
				ASSETCATALOG_COMPILER_APPICON_NAME = AppIcon;
				INFOPLIST_FILE = HowlPushNotification/Info.plist;
				LD_RUNPATH_SEARCH_PATHS = "$(inherited) @executable_path/Frameworks";
				PRODUCT_BUNDLE_IDENTIFIER = com.swift.HowlPushNotification;
				PRODUCT_NAME = "$(TARGET_NAME)";
				SWIFT_VERSION = 3.0;
			};
			name = Release;
		};
/* End XCBuildConfiguration section */

/* Begin XCConfigurationList section */
		026FF0F31ED734B7006ED2EF /* Build configuration list for PBXProject "HowlPushNotification" */ = {
			isa = XCConfigurationList;
			buildConfigurations = (
				026FF1081ED734B7006ED2EF /* Debug */,
				026FF1091ED734B7006ED2EF /* Release */,
			);
			defaultConfigurationIsVisible = 0;
			defaultConfigurationName = Release;
		};
		026FF10A1ED734B7006ED2EF /* Build configuration list for PBXNativeTarget "HowlPushNotification" */ = {
			isa = XCConfigurationList;
			buildConfigurations = (
				026FF10B1ED734B7006ED2EF /* Debug */,
				026FF10C1ED734B7006ED2EF /* Release */,
			);
			defaultConfigurationIsVisible = 0;
		};
/* End XCConfigurationList section */
	};
	rootObject = 026FF0F01ED734B7006ED2EF /* Project object */;
}
